// !$*UTF8*$!
{
	archiveVersion = 1;
	classes = {
	};
	objectVersion = 46;
	objects = {

/* Begin PBXBuildFile section */
		1FC29E8A1C64F12C00153B8C /* AppDelegate.swift in Sources */ = {isa = PBXBuildFile; fileRef = 1FC29E891C64F12C00153B8C /* AppDelegate.swift */; };
		1FC29E8C1C64F12C00153B8C /* ViewController.swift in Sources */ = {isa = PBXBuildFile; fileRef = 1FC29E8B1C64F12C00153B8C /* ViewController.swift */; };
		1FC29E8F1C64F12C00153B8C /* Main.storyboard in Resources */ = {isa = PBXBuildFile; fileRef = 1FC29E8D1C64F12C00153B8C /* Main.storyboard */; };
		1FC29E911C64F12C00153B8C /* Assets.xcassets in Resources */ = {isa = PBXBuildFile; fileRef = 1FC29E901C64F12C00153B8C /* Assets.xcassets */; };
		1FC29E941C64F12C00153B8C /* LaunchScreen.storyboard in Resources */ = {isa = PBXBuildFile; fileRef = 1FC29E921C64F12C00153B8C /* LaunchScreen.storyboard */; };
		1FC29E9C1C64F16C00153B8C /* FELocalizer.swift in Sources */ = {isa = PBXBuildFile; fileRef = 1FC29E9B1C64F16C00153B8C /* FELocalizer.swift */; };
		1FC29E9E1C64F1A500153B8C /* Localizer.json in Resources */ = {isa = PBXBuildFile; fileRef = 1FC29E9D1C64F1A500153B8C /* Localizer.json */; };
/* End PBXBuildFile section */

/* Begin PBXFileReference section */
		1FC29E861C64F12C00153B8C /* FELocalizer-Demo.app */ = {isa = PBXFileReference; explicitFileType = wrapper.application; includeInIndex = 0; path = "FELocalizer-Demo.app"; sourceTree = BUILT_PRODUCTS_DIR; };
		1FC29E891C64F12C00153B8C /* AppDelegate.swift */ = {isa = PBXFileReference; lastKnownFileType = sourcecode.swift; path = AppDelegate.swift; sourceTree = "<group>"; };
		1FC29E8B1C64F12C00153B8C /* ViewController.swift */ = {isa = PBXFileReference; lastKnownFileType = sourcecode.swift; path = ViewController.swift; sourceTree = "<group>"; };
		1FC29E8E1C64F12C00153B8C /* Base */ = {isa = PBXFileReference; lastKnownFileType = file.storyboard; name = Base; path = Base.lproj/Main.storyboard; sourceTree = "<group>"; };
		1FC29E901C64F12C00153B8C /* Assets.xcassets */ = {isa = PBXFileReference; lastKnownFileType = folder.assetcatalog; path = Assets.xcassets; sourceTree = "<group>"; };
		1FC29E931C64F12C00153B8C /* Base */ = {isa = PBXFileReference; lastKnownFileType = file.storyboard; name = Base; path = Base.lproj/LaunchScreen.storyboard; sourceTree = "<group>"; };
		1FC29E951C64F12C00153B8C /* Info.plist */ = {isa = PBXFileReference; lastKnownFileType = text.plist.xml; path = Info.plist; sourceTree = "<group>"; };
		1FC29E9B1C64F16C00153B8C /* FELocalizer.swift */ = {isa = PBXFileReference; fileEncoding = 4; lastKnownFileType = sourcecode.swift; path = FELocalizer.swift; sourceTree = SOURCE_ROOT; };
		1FC29E9D1C64F1A500153B8C /* Localizer.json */ = {isa = PBXFileReference; fileEncoding = 4; lastKnownFileType = text.json; path = Localizer.json; sourceTree = SOURCE_ROOT; };
/* End PBXFileReference section */

/* Begin PBXFrameworksBuildPhase section */
		1FC29E831C64F12C00153B8C /* Frameworks */ = {
			isa = PBXFrameworksBuildPhase;
			buildActionMask = 2147483647;
			files = (
			);
			runOnlyForDeploymentPostprocessing = 0;
		};
/* End PBXFrameworksBuildPhase section */

/* Begin PBXGroup section */
		1FC29E7D1C64F12C00153B8C = {
			isa = PBXGroup;
			children = (
				1FC29E881C64F12C00153B8C /* FELocalizer-Demo */,
				1FC29E871C64F12C00153B8C /* Products */,
			);
			sourceTree = "<group>";
		};
		1FC29E871C64F12C00153B8C /* Products */ = {
			isa = PBXGroup;
			children = (
				1FC29E861C64F12C00153B8C /* FELocalizer-Demo.app */,
			);
			name = Products;
			sourceTree = "<group>";
		};
		1FC29E881C64F12C00153B8C /* FELocalizer-Demo */ = {
			isa = PBXGroup;
			children = (
				1FC29E891C64F12C00153B8C /* AppDelegate.swift */,
				1FC29E8B1C64F12C00153B8C /* ViewController.swift */,
				1FC29E9B1C64F16C00153B8C /* FELocalizer.swift */,
				1FC29E9D1C64F1A500153B8C /* Localizer.json */,
				1FC29E8D1C64F12C00153B8C /* Main.storyboard */,
				1FC29E901C64F12C00153B8C /* Assets.xcassets */,
				1FC29E921C64F12C00153B8C /* LaunchScreen.storyboard */,
				1FC29E951C64F12C00153B8C /* Info.plist */,
			);
			path = "FELocalizer-Demo";
			sourceTree = "<group>";
		};
/* End PBXGroup section */

/* Begin PBXNativeTarget section */
		1FC29E851C64F12C00153B8C /* FELocalizer-Demo */ = {
			isa = PBXNativeTarget;
			buildConfigurationList = 1FC29E981C64F12C00153B8C /* Build configuration list for PBXNativeTarget "FELocalizer-Demo" */;
			buildPhases = (
				1FC29E821C64F12C00153B8C /* Sources */,
				1FC29E831C64F12C00153B8C /* Frameworks */,
				1FC29E841C64F12C00153B8C /* Resources */,
			);
			buildRules = (
			);
			dependencies = (
			);
			name = "FELocalizer-Demo";
			productName = "FELocalizer-Demo";
			productReference = 1FC29E861C64F12C00153B8C /* FELocalizer-Demo.app */;
			productType = "com.apple.product-type.application";
		};
/* End PBXNativeTarget section */

/* Begin PBXProject section */
		1FC29E7E1C64F12C00153B8C /* Project object */ = {
			isa = PBXProject;
			attributes = {
				LastSwiftUpdateCheck = 0720;
				LastUpgradeCheck = 0720;
				ORGANIZATIONNAME = "Fabian Ehlert";
				TargetAttributes = {
					1FC29E851C64F12C00153B8C = {
						CreatedOnToolsVersion = 7.2.1;
					};
				};
			};
			buildConfigurationList = 1FC29E811C64F12C00153B8C /* Build configuration list for PBXProject "FELocalizer-Demo" */;
			compatibilityVersion = "Xcode 3.2";
			developmentRegion = English;
			hasScannedForEncodings = 0;
			knownRegions = (
				en,
				Base,
			);
			mainGroup = 1FC29E7D1C64F12C00153B8C;
			productRefGroup = 1FC29E871C64F12C00153B8C /* Products */;
			projectDirPath = "";
			projectRoot = "";
			targets = (
				1FC29E851C64F12C00153B8C /* FELocalizer-Demo */,
			);
		};
/* End PBXProject section */

/* Begin PBXResourcesBuildPhase section */
		1FC29E841C64F12C00153B8C /* Resources */ = {
			isa = PBXResourcesBuildPhase;
			buildActionMask = 2147483647;
			files = (
				1FC29E941C64F12C00153B8C /* LaunchScreen.storyboard in Resources */,
				1FC29E911C64F12C00153B8C /* Assets.xcassets in Resources */,
				1FC29E8F1C64F12C00153B8C /* Main.storyboard in Resources */,
				1FC29E9E1C64F1A500153B8C /* Localizer.json in Resources */,
			);
			runOnlyForDeploymentPostprocessing = 0;
		};
/* End PBXResourcesBuildPhase section */

/* Begin PBXSourcesBuildPhase section */
		1FC29E821C64F12C00153B8C /* Sources */ = {
			isa = PBXSourcesBuildPhase;
			buildActionMask = 2147483647;
			files = (
				1FC29E9C1C64F16C00153B8C /* FELocalizer.swift in Sources */,
				1FC29E8C1C64F12C00153B8C /* ViewController.swift in Sources */,
				1FC29E8A1C64F12C00153B8C /* AppDelegate.swift in Sources */,
			);
			runOnlyForDeploymentPostprocessing = 0;
		};
/* End PBXSourcesBuildPhase section */

/* Begin PBXVariantGroup section */
		1FC29E8D1C64F12C00153B8C /* Main.storyboard */ = {
			isa = PBXVariantGroup;
			children = (
				1FC29E8E1C64F12C00153B8C /* Base */,
			);
			name = Main.storyboard;
			sourceTree = "<group>";
		};
		1FC29E921C64F12C00153B8C /* LaunchScreen.storyboard */ = {
			isa = PBXVariantGroup;
			children = (
				1FC29E931C64F12C00153B8C /* Base */,
			);
			name = LaunchScreen.storyboard;
			sourceTree = "<group>";
		};
/* End PBXVariantGroup section */

/* Begin XCBuildConfiguration section */
		1FC29E961C64F12C00153B8C /* Debug */ = {
			isa = XCBuildConfiguration;
			buildSettings = {
				ALWAYS_SEARCH_USER_PATHS = NO;
				CLANG_CXX_LANGUAGE_STANDARD = "gnu++0x";
				CLANG_CXX_LIBRARY = "libc++";
				CLANG_ENABLE_MODULES = YES;
				CLANG_ENABLE_OBJC_ARC = YES;
				CLANG_WARN_BOOL_CONVERSION = YES;
				CLANG_WARN_CONSTANT_CONVERSION = YES;
				CLANG_WARN_DIRECT_OBJC_ISA_USAGE = YES_ERROR;
				CLANG_WARN_EMPTY_BODY = YES;
				CLANG_WARN_ENUM_CONVERSION = YES;
				CLANG_WARN_INT_CONVERSION = YES;
				CLANG_WARN_OBJC_ROOT_CLASS = YES_ERROR;
				CLANG_WARN_UNREACHABLE_CODE = YES;
				CLANG_WARN__DUPLICATE_METHOD_MATCH = YES;
				"CODE_SIGN_IDENTITY[sdk=iphoneos*]" = "iPhone Developer";
				COPY_PHASE_STRIP = NO;
				DEBUG_INFORMATION_FORMAT = dwarf;
				ENABLE_STRICT_OBJC_MSGSEND = YES;
				ENABLE_TESTABILITY = YES;
				GCC_C_LANGUAGE_STANDARD = gnu99;
				GCC_DYNAMIC_NO_PIC = NO;
				GCC_NO_COMMON_BLOCKS = YES;
				GCC_OPTIMIZATION_LEVEL = 0;
				GCC_PREPROCESSOR_DEFINITIONS = (
					"DEBUG=1",
					"$(inherited)",
				);
				GCC_WARN_64_TO_32_BIT_CONVERSION = YES;
				GCC_WARN_ABOUT_RETURN_TYPE = YES_ERROR;
				GCC_WARN_UNDECLARED_SELECTOR = YES;
				GCC_WARN_UNINITIALIZED_AUTOS = YES_AGGRESSIVE;
				GCC_WARN_UNUSED_FUNCTION = YES;
				GCC_WARN_UNUSED_VARIABLE = YES;
				IPHONEOS_DEPLOYMENT_TARGET = 9.2;
				MTL_ENABLE_DEBUG_INFO = YES;
				ONLY_ACTIVE_ARCH = YES;
				SDKROOT = iphoneos;
				SWIFT_OPTIMIZATION_LEVEL = "-Onone";
				TARGETED_DEVICE_FAMILY = "1,2";
			};
			name = Debug;
		};
		1FC29E971C64F12C00153B8C /* Release */ = {
			isa = XCBuildConfiguration;
			buildSettings = {
				ALWAYS_SEARCH_USER_PATHS = NO;
				CLANG_CXX_LANGUAGE_STANDARD = "gnu++0x";
				CLANG_CXX_LIBRARY = "libc++";
				CLANG_ENABLE_MODULES = YES;
				CLANG_ENABLE_OBJC_ARC = YES;
				CLANG_WARN_BOOL_CONVERSION = YES;
				CLANG_WARN_CONSTANT_CONVERSION = YES;
				CLANG_WARN_DIRECT_OBJC_ISA_USAGE = YES_ERROR;
				CLANG_WARN_EMPTY_BODY = YES;
				CLANG_WARN_ENUM_CONVERSION = YES;
				CLANG_WARN_INT_CONVERSION = YES;
				CLANG_WARN_OBJC_ROOT_CLASS = YES_ERROR;
				CLANG_WARN_UNREACHABLE_CODE = YES;
				CLANG_WARN__DUPLICATE_METHOD_MATCH = YES;
				"CODE_SIGN_IDENTITY[sdk=iphoneos*]" = "iPhone Developer";
				COPY_PHASE_STRIP = NO;
				DEBUG_INFORMATION_FORMAT = "dwarf-with-dsym";
				ENABLE_NS_ASSERTIONS = NO;
				ENABLE_STRICT_OBJC_MSGSEND = YES;
				GCC_C_LANGUAGE_STANDARD = gnu99;
				GCC_NO_COMMON_BLOCKS = YES;
				GCC_WARN_64_TO_32_BIT_CONVERSION = YES;
				GCC_WARN_ABOUT_RETURN_TYPE = YES_ERROR;
				GCC_WARN_UNDECLARED_SELECTOR = YES;
				GCC_WARN_UNINITIALIZED_AUTOS = YES_AGGRESSIVE;
				GCC_WARN_UNUSED_FUNCTION = YES;
				GCC_WARN_UNUSED_VARIABLE = YES;
				IPHONEOS_DEPLOYMENT_TARGET = 9.2;
				MTL_ENABLE_DEBUG_INFO = NO;
				SDKROOT = iphoneos;
				TARGETED_DEVICE_FAMILY = "1,2";
				VALIDATE_PRODUCT = YES;
			};
			name = Release;
		};
		1FC29E991C64F12C00153B8C /* Debug */ = {
			isa = XCBuildConfiguration;
			buildSettings = {
				ASSETCATALOG_COMPILER_APPICON_NAME = AppIcon;
				INFOPLIST_FILE = "FELocalizer-Demo/Info.plist";
				LD_RUNPATH_SEARCH_PATHS = "$(inherited) @executable_path/Frameworks";
				PRODUCT_BUNDLE_IDENTIFIER = "com.fabianehlert.FELocalizer-Demo";
				PRODUCT_NAME = "$(TARGET_NAME)";
			};
			name = Debug;
		};
		1FC29E9A1C64F12C00153B8C /* Release */ = {
			isa = XCBuildConfiguration;
			buildSettings = {
				ASSETCATALOG_COMPILER_APPICON_NAME = AppIcon;
				INFOPLIST_FILE = "FELocalizer-Demo/Info.plist";
				LD_RUNPATH_SEARCH_PATHS = "$(inherited) @executable_path/Frameworks";
				PRODUCT_BUNDLE_IDENTIFIER = "com.fabianehlert.FELocalizer-Demo";
				PRODUCT_NAME = "$(TARGET_NAME)";
			};
			name = Release;
		};
/* End XCBuildConfiguration section */

/* Begin XCConfigurationList section */
		1FC29E811C64F12C00153B8C /* Build configuration list for PBXProject "FELocalizer-Demo" */ = {
			isa = XCConfigurationList;
			buildConfigurations = (
				1FC29E961C64F12C00153B8C /* Debug */,
				1FC29E971C64F12C00153B8C /* Release */,
			);
			defaultConfigurationIsVisible = 0;
			defaultConfigurationName = Release;
		};
		1FC29E981C64F12C00153B8C /* Build configuration list for PBXNativeTarget "FELocalizer-Demo" */ = {
			isa = XCConfigurationList;
			buildConfigurations = (
				1FC29E991C64F12C00153B8C /* Debug */,
				1FC29E9A1C64F12C00153B8C /* Release */,
			);
			defaultConfigurationIsVisible = 0;
		};
/* End XCConfigurationList section */
	};
	rootObject = 1FC29E7E1C64F12C00153B8C /* Project object */;
}
